// !$*UTF8*$!
{
	archiveVersion = 1;
	classes = {
	};
	objectVersion = 48;
	objects = {

/* Begin PBXBuildFile section */
		ECF69A282382A2F60092DEFF /* AppDelegate.swift in Sources */ = {isa = PBXBuildFile; fileRef = ECF69A272382A2F60092DEFF /* AppDelegate.swift */; };
		ECF69A2A2382A2F60092DEFF /* ViewController.swift in Sources */ = {isa = PBXBuildFile; fileRef = ECF69A292382A2F60092DEFF /* ViewController.swift */; };
		ECF69A2D2382A2F60092DEFF /* Main.storyboard in Resources */ = {isa = PBXBuildFile; fileRef = ECF69A2B2382A2F60092DEFF /* Main.storyboard */; };
		ECF69A2F2382A2F60092DEFF /* Assets.xcassets in Resources */ = {isa = PBXBuildFile; fileRef = ECF69A2E2382A2F60092DEFF /* Assets.xcassets */; };
		ECF69A322382A2F60092DEFF /* LaunchScreen.storyboard in Resources */ = {isa = PBXBuildFile; fileRef = ECF69A302382A2F60092DEFF /* LaunchScreen.storyboard */; };
		ECF69A3A2382A3BF0092DEFF /* ViewController2.swift in Sources */ = {isa = PBXBuildFile; fileRef = ECF69A392382A3BF0092DEFF /* ViewController2.swift */; };
/* End PBXBuildFile section */

/* Begin PBXFileReference section */
		ECF69A242382A2F60092DEFF /* TestDataPass.app */ = {isa = PBXFileReference; explicitFileType = wrapper.application; includeInIndex = 0; path = TestDataPass.app; sourceTree = BUILT_PRODUCTS_DIR; };
		ECF69A272382A2F60092DEFF /* AppDelegate.swift */ = {isa = PBXFileReference; lastKnownFileType = sourcecode.swift; path = AppDelegate.swift; sourceTree = "<group>"; };
		ECF69A292382A2F60092DEFF /* ViewController.swift */ = {isa = PBXFileReference; lastKnownFileType = sourcecode.swift; path = ViewController.swift; sourceTree = "<group>"; };
		ECF69A2C2382A2F60092DEFF /* Base */ = {isa = PBXFileReference; lastKnownFileType = file.storyboard; name = Base; path = Base.lproj/Main.storyboard; sourceTree = "<group>"; };
		ECF69A2E2382A2F60092DEFF /* Assets.xcassets */ = {isa = PBXFileReference; lastKnownFileType = folder.assetcatalog; path = Assets.xcassets; sourceTree = "<group>"; };
		ECF69A312382A2F60092DEFF /* Base */ = {isa = PBXFileReference; lastKnownFileType = file.storyboard; name = Base; path = Base.lproj/LaunchScreen.storyboard; sourceTree = "<group>"; };
		ECF69A332382A2F60092DEFF /* Info.plist */ = {isa = PBXFileReference; lastKnownFileType = text.plist.xml; path = Info.plist; sourceTree = "<group>"; };
		ECF69A392382A3BF0092DEFF /* ViewController2.swift */ = {isa = PBXFileReference; lastKnownFileType = sourcecode.swift; path = ViewController2.swift; sourceTree = "<group>"; };
/* End PBXFileReference section */

/* Begin PBXFrameworksBuildPhase section */
		ECF69A212382A2F60092DEFF /* Frameworks */ = {
			isa = PBXFrameworksBuildPhase;
			buildActionMask = 2147483647;
			files = (
			);
			runOnlyForDeploymentPostprocessing = 0;
		};
/* End PBXFrameworksBuildPhase section */

/* Begin PBXGroup section */
		ECF69A1B2382A2F50092DEFF = {
			isa = PBXGroup;
			children = (
				ECF69A262382A2F60092DEFF /* TestDataPass */,
				ECF69A252382A2F60092DEFF /* Products */,
			);
			sourceTree = "<group>";
		};
		ECF69A252382A2F60092DEFF /* Products */ = {
			isa = PBXGroup;
			children = (
				ECF69A242382A2F60092DEFF /* TestDataPass.app */,
			);
			name = Products;
			sourceTree = "<group>";
		};
		ECF69A262382A2F60092DEFF /* TestDataPass */ = {
			isa = PBXGroup;
			children = (
				ECF69A272382A2F60092DEFF /* AppDelegate.swift */,
				ECF69A292382A2F60092DEFF /* ViewController.swift */,
				ECF69A2B2382A2F60092DEFF /* Main.storyboard */,
				ECF69A392382A3BF0092DEFF /* ViewController2.swift */,
				ECF69A2E2382A2F60092DEFF /* Assets.xcassets */,
				ECF69A302382A2F60092DEFF /* LaunchScreen.storyboard */,
				ECF69A332382A2F60092DEFF /* Info.plist */,
			);
			path = TestDataPass;
			sourceTree = "<group>";
		};
/* End PBXGroup section */

/* Begin PBXNativeTarget section */
		ECF69A232382A2F60092DEFF /* TestDataPass */ = {
			isa = PBXNativeTarget;
			buildConfigurationList = ECF69A362382A2F60092DEFF /* Build configuration list for PBXNativeTarget "TestDataPass" */;
			buildPhases = (
				ECF69A202382A2F60092DEFF /* Sources */,
				ECF69A212382A2F60092DEFF /* Frameworks */,
				ECF69A222382A2F60092DEFF /* Resources */,
			);
			buildRules = (
			);
			dependencies = (
			);
			name = TestDataPass;
			productName = TestDataPass;
			productReference = ECF69A242382A2F60092DEFF /* TestDataPass.app */;
			productType = "com.apple.product-type.application";
		};
/* End PBXNativeTarget section */

/* Begin PBXProject section */
		ECF69A1C2382A2F50092DEFF /* Project object */ = {
			isa = PBXProject;
			attributes = {
				LastSwiftUpdateCheck = 0920;
				LastUpgradeCheck = 0920;
				ORGANIZATIONNAME = trainee;
				TargetAttributes = {
					ECF69A232382A2F60092DEFF = {
						CreatedOnToolsVersion = 9.2;
						ProvisioningStyle = Automatic;
					};
				};
			};
			buildConfigurationList = ECF69A1F2382A2F50092DEFF /* Build configuration list for PBXProject "TestDataPass" */;
			compatibilityVersion = "Xcode 8.0";
			developmentRegion = en;
			hasScannedForEncodings = 0;
			knownRegions = (
				en,
				Base,
			);
			mainGroup = ECF69A1B2382A2F50092DEFF;
			productRefGroup = ECF69A252382A2F60092DEFF /* Products */;
			projectDirPath = "";
			projectRoot = "";
			targets = (
				ECF69A232382A2F60092DEFF /* TestDataPass */,
			);
		};
/* End PBXProject section */

/* Begin PBXResourcesBuildPhase section */
		ECF69A222382A2F60092DEFF /* Resources */ = {
			isa = PBXResourcesBuildPhase;
			buildActionMask = 2147483647;
			files = (
				ECF69A322382A2F60092DEFF /* LaunchScreen.storyboard in Resources */,
				ECF69A2F2382A2F60092DEFF /* Assets.xcassets in Resources */,
				ECF69A2D2382A2F60092DEFF /* Main.storyboard in Resources */,
			);
			runOnlyForDeploymentPostprocessing = 0;
		};
/* End PBXResourcesBuildPhase section */

/* Begin PBXSourcesBuildPhase section */
		ECF69A202382A2F60092DEFF /* Sources */ = {
			isa = PBXSourcesBuildPhase;
			buildActionMask = 2147483647;
			files = (
				ECF69A2A2382A2F60092DEFF /* ViewController.swift in Sources */,
				ECF69A282382A2F60092DEFF /* AppDelegate.swift in Sources */,
				ECF69A3A2382A3BF0092DEFF /* ViewController2.swift in Sources */,
			);
			runOnlyForDeploymentPostprocessing = 0;
		};
/* End PBXSourcesBuildPhase section */

/* Begin PBXVariantGroup section */
		ECF69A2B2382A2F60092DEFF /* Main.storyboard */ = {
			isa = PBXVariantGroup;
			children = (
				ECF69A2C2382A2F60092DEFF /* Base */,
			);
			name = Main.storyboard;
			sourceTree = "<group>";
		};
		ECF69A302382A2F60092DEFF /* LaunchScreen.storyboard */ = {
			isa = PBXVariantGroup;
			children = (
				ECF69A312382A2F60092DEFF /* Base */,
			);
			name = LaunchScreen.storyboard;
			sourceTree = "<group>";
		};
/* End PBXVariantGroup section */

/* Begin XCBuildConfiguration section */
		ECF69A342382A2F60092DEFF /* Debug */ = {
			isa = XCBuildConfiguration;
			buildSettings = {
				ALWAYS_SEARCH_USER_PATHS = NO;
				CLANG_ANALYZER_NONNULL = YES;
				CLANG_ANALYZER_NUMBER_OBJECT_CONVERSION = YES_AGGRESSIVE;
				CLANG_CXX_LANGUAGE_STANDARD = "gnu++14";
				CLANG_CXX_LIBRARY = "libc++";
				CLANG_ENABLE_MODULES = YES;
				CLANG_ENABLE_OBJC_ARC = YES;
				CLANG_WARN_BLOCK_CAPTURE_AUTORELEASING = YES;
				CLANG_WARN_BOOL_CONVERSION = YES;
				CLANG_WARN_COMMA = YES;
				CLANG_WARN_CONSTANT_CONVERSION = YES;
				CLANG_WARN_DIRECT_OBJC_ISA_USAGE = YES_ERROR;
				CLANG_WARN_DOCUMENTATION_COMMENTS = YES;
				CLANG_WARN_EMPTY_BODY = YES;
				CLANG_WARN_ENUM_CONVERSION = YES;
				CLANG_WARN_INFINITE_RECURSION = YES;
				CLANG_WARN_INT_CONVERSION = YES;
				CLANG_WARN_NON_LITERAL_NULL_CONVERSION = YES;
				CLANG_WARN_OBJC_LITERAL_CONVERSION = YES;
				CLANG_WARN_OBJC_ROOT_CLASS = YES_ERROR;
				CLANG_WARN_RANGE_LOOP_ANALYSIS = YES;
				CLANG_WARN_STRICT_PROTOTYPES = YES;
				CLANG_WARN_SUSPICIOUS_MOVE = YES;
				CLANG_WARN_UNGUARDED_AVAILABILITY = YES_AGGRESSIVE;
				CLANG_WARN_UNREACHABLE_CODE = YES;
				CLANG_WARN__DUPLICATE_METHOD_MATCH = YES;
				CODE_SIGN_IDENTITY = "iPhone Developer";
				COPY_PHASE_STRIP = NO;
				DEBUG_INFORMATION_FORMAT = dwarf;
				ENABLE_STRICT_OBJC_MSGSEND = YES;
				ENABLE_TESTABILITY = YES;
				GCC_C_LANGUAGE_STANDARD = gnu11;
				GCC_DYNAMIC_NO_PIC = NO;
				GCC_NO_COMMON_BLOCKS = YES;
				GCC_OPTIMIZATION_LEVEL = 0;
				GCC_PREPROCESSOR_DEFINITIONS = (
					"DEBUG=1",
					"$(inherited)",
				);
				GCC_WARN_64_TO_32_BIT_CONVERSION = YES;
				GCC_WARN_ABOUT_RETURN_TYPE = YES_ERROR;
				GCC_WARN_UNDECLARED_SELECTOR = YES;
				GCC_WARN_UNINITIALIZED_AUTOS = YES_AGGRESSIVE;
				GCC_WARN_UNUSED_FUNCTION = YES;
				GCC_WARN_UNUSED_VARIABLE = YES;
				IPHONEOS_DEPLOYMENT_TARGET = 11.2;
				MTL_ENABLE_DEBUG_INFO = YES;
				ONLY_ACTIVE_ARCH = YES;
				SDKROOT = iphoneos;
				SWIFT_ACTIVE_COMPILATION_CONDITIONS = DEBUG;
				SWIFT_OPTIMIZATION_LEVEL = "-Onone";
			};
			name = Debug;
		};
		ECF69A352382A2F60092DEFF /* Release */ = {
			isa = XCBuildConfiguration;
			buildSettings = {
				ALWAYS_SEARCH_USER_PATHS = NO;
				CLANG_ANALYZER_NONNULL = YES;
				CLANG_ANALYZER_NUMBER_OBJECT_CONVERSION = YES_AGGRESSIVE;
				CLANG_CXX_LANGUAGE_STANDARD = "gnu++14";
				CLANG_CXX_LIBRARY = "libc++";
				CLANG_ENABLE_MODULES = YES;
				CLANG_ENABLE_OBJC_ARC = YES;
				CLANG_WARN_BLOCK_CAPTURE_AUTORELEASING = YES;
				CLANG_WARN_BOOL_CONVERSION = YES;
				CLANG_WARN_COMMA = YES;
				CLANG_WARN_CONSTANT_CONVERSION = YES;
				CLANG_WARN_DIRECT_OBJC_ISA_USAGE = YES_ERROR;
				CLANG_WARN_DOCUMENTATION_COMMENTS = YES;
				CLANG_WARN_EMPTY_BODY = YES;
				CLANG_WARN_ENUM_CONVERSION = YES;
				CLANG_WARN_INFINITE_RECURSION = YES;
				CLANG_WARN_INT_CONVERSION = YES;
				CLANG_WARN_NON_LITERAL_NULL_CONVERSION = YES;
				CLANG_WARN_OBJC_LITERAL_CONVERSION = YES;
				CLANG_WARN_OBJC_ROOT_CLASS = YES_ERROR;
				CLANG_WARN_RANGE_LOOP_ANALYSIS = YES;
				CLANG_WARN_STRICT_PROTOTYPES = YES;
				CLANG_WARN_SUSPICIOUS_MOVE = YES;
				CLANG_WARN_UNGUARDED_AVAILABILITY = YES_AGGRESSIVE;
				CLANG_WARN_UNREACHABLE_CODE = YES;
				CLANG_WARN__DUPLICATE_METHOD_MATCH = YES;
				CODE_SIGN_IDENTITY = "iPhone Developer";
				COPY_PHASE_STRIP = NO;
				DEBUG_INFORMATION_FORMAT = "dwarf-with-dsym";
				ENABLE_NS_ASSERTIONS = NO;
				ENABLE_STRICT_OBJC_MSGSEND = YES;
				GCC_C_LANGUAGE_STANDARD = gnu11;
				GCC_NO_COMMON_BLOCKS = YES;
				GCC_WARN_64_TO_32_BIT_CONVERSION = YES;
				GCC_WARN_ABOUT_RETURN_TYPE = YES_ERROR;
				GCC_WARN_UNDECLARED_SELECTOR = YES;
				GCC_WARN_UNINITIALIZED_AUTOS = YES_AGGRESSIVE;
				GCC_WARN_UNUSED_FUNCTION = YES;
				GCC_WARN_UNUSED_VARIABLE = YES;
				IPHONEOS_DEPLOYMENT_TARGET = 11.2;
				MTL_ENABLE_DEBUG_INFO = NO;
				SDKROOT = iphoneos;
				SWIFT_OPTIMIZATION_LEVEL = "-Owholemodule";
				VALIDATE_PRODUCT = YES;
			};
			name = Release;
		};
		ECF69A372382A2F60092DEFF /* Debug */ = {
			isa = XCBuildConfiguration;
			buildSettings = {
				ASSETCATALOG_COMPILER_APPICON_NAME = AppIcon;
				CODE_SIGN_STYLE = Automatic;
				INFOPLIST_FILE = TestDataPass/Info.plist;
				LD_RUNPATH_SEARCH_PATHS = "$(inherited) @executable_path/Frameworks";
				PRODUCT_BUNDLE_IDENTIFIER = toxsl.TestDataPass;
				PRODUCT_NAME = "$(TARGET_NAME)";
				SWIFT_VERSION = 4.0;
				TARGETED_DEVICE_FAMILY = "1,2";
			};
			name = Debug;
		};
		ECF69A382382A2F60092DEFF /* Release */ = {
			isa = XCBuildConfiguration;
			buildSettings = {
				ASSETCATALOG_COMPILER_APPICON_NAME = AppIcon;
				CODE_SIGN_STYLE = Automatic;
				INFOPLIST_FILE = TestDataPass/Info.plist;
				LD_RUNPATH_SEARCH_PATHS = "$(inherited) @executable_path/Frameworks";
				PRODUCT_BUNDLE_IDENTIFIER = toxsl.TestDataPass;
				PRODUCT_NAME = "$(TARGET_NAME)";
				SWIFT_VERSION = 4.0;
				TARGETED_DEVICE_FAMILY = "1,2";
			};
			name = Release;
		};
/* End XCBuildConfiguration section */

/* Begin XCConfigurationList section */
		ECF69A1F2382A2F50092DEFF /* Build configuration list for PBXProject "TestDataPass" */ = {
			isa = XCConfigurationList;
			buildConfigurations = (
				ECF69A342382A2F60092DEFF /* Debug */,
				ECF69A352382A2F60092DEFF /* Release */,
			);
			defaultConfigurationIsVisible = 0;
			defaultConfigurationName = Release;
		};
		ECF69A362382A2F60092DEFF /* Build configuration list for PBXNativeTarget "TestDataPass" */ = {
			isa = XCConfigurationList;
			buildConfigurations = (
				ECF69A372382A2F60092DEFF /* Debug */,
				ECF69A382382A2F60092DEFF /* Release */,
			);
			defaultConfigurationIsVisible = 0;
			defaultConfigurationName = Release;
		};
/* End XCConfigurationList section */
	};
	rootObject = ECF69A1C2382A2F50092DEFF /* Project object */;
}
